
Microsoft Visual Studio Solution File, Format Version 12.00
# Visual Studio 15
Project("{FAE04EC0-301F-11D3-BF4B-00C04F79EFBC}") = "Assembly-CSharp", "Assembly-CSharp.csproj", "{FA328BBD-B798-4854-C54F-D8119A2987F2}"
EndProject
Project("{FAE04EC0-301F-11D3-BF4B-00C04F79EFBC}") = "ARFoundationRemote.Runtime.Examples", "ARFoundationRemote.Runtime.Examples.csproj", "{48498C7F-3C95-F7F1-90C2-BDEC9B8CFC57}"
EndProject
Project("{FAE04EC0-301F-11D3-BF4B-00C04F79EFBC}") = "ARFoundationRemote.Installer.Editor", "ARFoundationRemote.Installer.Editor.csproj", "{72E49BF0-9736-E83F-4BA5-0CED5255A351}"
EndProject
Global
	GlobalSection(SolutionConfigurationPlatforms) = preSolution
		Debug|Any CPU = Debug|Any CPU
		Release|Any CPU = Release|Any CPU
	EndGlobalSection
	GlobalSection(ProjectConfigurationPlatforms) = postSolution
		{FA328BBD-B798-4854-C54F-D8119A2987F2}.Debug|Any CPU.ActiveCfg = Debug|Any CPU
		{FA328BBD-B798-4854-C54F-D8119A2987F2}.Debug|Any CPU.Build.0 = Debug|Any CPU
		{FA328BBD-B798-4854-C54F-D8119A2987F2}.Release|Any CPU.ActiveCfg = Release|Any CPU
		{FA328BBD-B798-4854-C54F-D8119A2987F2}.Release|Any CPU.Build.0 = Release|Any CPU
		{48498C7F-3C95-F7F1-90C2-BDEC9B8CFC57}.Debug|Any CPU.ActiveCfg = Debug|Any CPU
		{48498C7F-3C95-F7F1-90C2-BDEC9B8CFC57}.Debug|Any CPU.Build.0 = Debug|Any CPU
		{48498C7F-3C95-F7F1-90C2-BDEC9B8CFC57}.Release|Any CPU.ActiveCfg = Release|Any CPU
		{48498C7F-3C95-F7F1-90C2-BDEC9B8CFC57}.Release|Any CPU.Build.0 = Release|Any CPU
		{72E49BF0-9736-E83F-4BA5-0CED5255A351}.Debug|Any CPU.ActiveCfg = Debug|Any CPU
		{72E49BF0-9736-E83F-4BA5-0CED5255A351}.Debug|Any CPU.Build.0 = Debug|Any CPU
		{72E49BF0-9736-E83F-4BA5-0CED5255A351}.Release|Any CPU.ActiveCfg = Release|Any CPU
		{72E49BF0-9736-E83F-4BA5-0CED5255A351}.Release|Any CPU.Build.0 = Release|Any CPU
	EndGlobalSection
	GlobalSection(SolutionProperties) = preSolution
		HideSolutionNode = FALSE
	EndGlobalSection
EndGlobal
